
Microsoft Visual Studio Solution File, Format Version 12.00
# Visual Studio Version 16
VisualStudioVersion = 16.0.32228.343
MinimumVisualStudioVersion = 10.0.40219.1
Project("{FAE04EC0-301F-11D3-BF4B-00C04F79EFBC}") = "MafiasLane", "MafiasLane\MafiasLane.csproj", "{8A34FD08-E688-41DC-BD98-97A24B97B896}"
EndProject
Global
	GlobalSection(SolutionConfigurationPlatforms) = preSolution
		Debug|Any CPU = Debug|Any CPU
		Release|Any CPU = Release|Any CPU
	EndGlobalSection
	GlobalSection(ProjectConfigurationPlatforms) = postSolution
		{8A34FD08-E688-41DC-BD98-97A24B97B896}.Debug|Any CPU.ActiveCfg = Debug|Any CPU
		{8A34FD08-E688-41DC-BD98-97A24B97B896}.Debug|Any CPU.Build.0 = Debug|Any CPU
		{8A34FD08-E688-41DC-BD98-97A24B97B896}.Release|Any CPU.ActiveCfg = Release|Any CPU
		{8A34FD08-E688-41DC-BD98-97A24B97B896}.Release|Any CPU.Build.0 = Release|Any CPU
	EndGlobalSection
	GlobalSection(SolutionProperties) = preSolution
		HideSolutionNode = FALSE
	EndGlobalSection
	GlobalSection(ExtensibilityGlobals) = postSolution
		SolutionGuid = {1BFEFD6B-FCB4-4969-841E-349EF77D941A}
	EndGlobalSection
EndGlobal
